
Microsoft Visual Studio Solution File, Format Version 12.00
# Visual Studio Version 17
VisualStudioVersion = 17.7.34221.43
MinimumVisualStudioVersion = 10.0.40219.1
Project("{8BC9CEB8-8B4A-11D0-8D11-00A0C91BC942}") = "T2.5", "T2.5.vcxproj", "{FFDF210D-4FC8-4C68-98ED-669E2B6DFEDA}"
EndProject
Global
	GlobalSection(SolutionConfigurationPlatforms) = preSolution
		Debug|x64 = Debug|x64
		Debug|x86 = Debug|x86
		Release|x64 = Release|x64
		Release|x86 = Release|x86
	EndGlobalSection
	GlobalSection(ProjectConfigurationPlatforms) = postSolution
		{FFDF210D-4FC8-4C68-98ED-669E2B6DFEDA}.Debug|x64.ActiveCfg = Debug|x64
		{FFDF210D-4FC8-4C68-98ED-669E2B6DFEDA}.Debug|x64.Build.0 = Debug|x64
		{FFDF210D-4FC8-4C68-98ED-669E2B6DFEDA}.Debug|x86.ActiveCfg = Debug|Win32
		{FFDF210D-4FC8-4C68-98ED-669E2B6DFEDA}.Debug|x86.Build.0 = Debug|Win32
		{FFDF210D-4FC8-4C68-98ED-669E2B6DFEDA}.Release|x64.ActiveCfg = Release|x64
		{FFDF210D-4FC8-4C68-98ED-669E2B6DFEDA}.Release|x64.Build.0 = Release|x64
		{FFDF210D-4FC8-4C68-98ED-669E2B6DFEDA}.Release|x86.ActiveCfg = Release|Win32
		{FFDF210D-4FC8-4C68-98ED-669E2B6DFEDA}.Release|x86.Build.0 = Release|Win32
	EndGlobalSection
	GlobalSection(SolutionProperties) = preSolution
		HideSolutionNode = FALSE
	EndGlobalSection
	GlobalSection(ExtensibilityGlobals) = postSolution
		SolutionGuid = {91551530-850D-401E-850B-8BEFE7C4ACCA}
	EndGlobalSection
EndGlobal
